
Microsoft Visual Studio Solution File, Format Version 12.00
# Visual Studio Version 16
VisualStudioVersion = 16.0.30114.105
MinimumVisualStudioVersion = 10.0.40219.1
Project("{FAE04EC0-301F-11D3-BF4B-00C04F79EFBC}") = "AuthProxy", "AuthProxy\AuthProxy.csproj", "{2EC794D0-C65B-4BFC-B465-418A8BC9C119}"
EndProject
Project("{FAE04EC0-301F-11D3-BF4B-00C04F79EFBC}") = "TestWebApp", "TestWebApp\TestWebApp.csproj", "{25521837-ADD8-41DC-BA4C-134E29C3730C}"
EndProject
Project("{FAE04EC0-301F-11D3-BF4B-00C04F79EFBC}") = "AuthProxy.Client", "AuthProxy.Client\AuthProxy.Client.csproj", "{5C151586-4BED-4AB3-8371-C0BE7C779FC5}"
EndProject
Project("{FAE04EC0-301F-11D3-BF4B-00C04F79EFBC}") = "TestWebAppSdk", "TestWebAppSdk\TestWebAppSdk.csproj", "{6B7E5CA3-CBFB-4AEB-A58C-9DB7311987ED}"
EndProject
Project("{FAE04EC0-301F-11D3-BF4B-00C04F79EFBC}") = "TestWebApi", "TestWebApi\TestWebApi.csproj", "{FB2F21F7-7C9F-4024-875F-3F739C39F9C0}"
EndProject
Global
	GlobalSection(SolutionConfigurationPlatforms) = preSolution
		Debug|Any CPU = Debug|Any CPU
		Release|Any CPU = Release|Any CPU
	EndGlobalSection
	GlobalSection(SolutionProperties) = preSolution
		HideSolutionNode = FALSE
	EndGlobalSection
	GlobalSection(ProjectConfigurationPlatforms) = postSolution
		{2EC794D0-C65B-4BFC-B465-418A8BC9C119}.Debug|Any CPU.ActiveCfg = Debug|Any CPU
		{2EC794D0-C65B-4BFC-B465-418A8BC9C119}.Debug|Any CPU.Build.0 = Debug|Any CPU
		{2EC794D0-C65B-4BFC-B465-418A8BC9C119}.Release|Any CPU.ActiveCfg = Release|Any CPU
		{2EC794D0-C65B-4BFC-B465-418A8BC9C119}.Release|Any CPU.Build.0 = Release|Any CPU
		{25521837-ADD8-41DC-BA4C-134E29C3730C}.Debug|Any CPU.ActiveCfg = Debug|Any CPU
		{25521837-ADD8-41DC-BA4C-134E29C3730C}.Debug|Any CPU.Build.0 = Debug|Any CPU
		{25521837-ADD8-41DC-BA4C-134E29C3730C}.Release|Any CPU.ActiveCfg = Release|Any CPU
		{25521837-ADD8-41DC-BA4C-134E29C3730C}.Release|Any CPU.Build.0 = Release|Any CPU
		{5C151586-4BED-4AB3-8371-C0BE7C779FC5}.Debug|Any CPU.ActiveCfg = Debug|Any CPU
		{5C151586-4BED-4AB3-8371-C0BE7C779FC5}.Debug|Any CPU.Build.0 = Debug|Any CPU
		{5C151586-4BED-4AB3-8371-C0BE7C779FC5}.Release|Any CPU.ActiveCfg = Release|Any CPU
		{5C151586-4BED-4AB3-8371-C0BE7C779FC5}.Release|Any CPU.Build.0 = Release|Any CPU
		{6B7E5CA3-CBFB-4AEB-A58C-9DB7311987ED}.Debug|Any CPU.ActiveCfg = Debug|Any CPU
		{6B7E5CA3-CBFB-4AEB-A58C-9DB7311987ED}.Debug|Any CPU.Build.0 = Debug|Any CPU
		{6B7E5CA3-CBFB-4AEB-A58C-9DB7311987ED}.Release|Any CPU.ActiveCfg = Release|Any CPU
		{6B7E5CA3-CBFB-4AEB-A58C-9DB7311987ED}.Release|Any CPU.Build.0 = Release|Any CPU
		{FB2F21F7-7C9F-4024-875F-3F739C39F9C0}.Debug|Any CPU.ActiveCfg = Debug|Any CPU
		{FB2F21F7-7C9F-4024-875F-3F739C39F9C0}.Debug|Any CPU.Build.0 = Debug|Any CPU
		{FB2F21F7-7C9F-4024-875F-3F739C39F9C0}.Release|Any CPU.ActiveCfg = Release|Any CPU
		{FB2F21F7-7C9F-4024-875F-3F739C39F9C0}.Release|Any CPU.Build.0 = Release|Any CPU
	EndGlobalSection
EndGlobal
